
Microsoft Visual Studio Solution File, Format Version 12.00
# Visual Studio 15
VisualStudioVersion = 15.0.27428.2002
MinimumVisualStudioVersion = 10.0.40219.1
Project("{FAE04EC0-301F-11D3-BF4B-00C04F79EFBC}") = "frm_projectdesign_ITCrowd", "frm_projectdesign_ITCrowd\frm_projectdesign_ITCrowd.csproj", "{B6DAC72F-41E1-4060-8BCB-24E472DC9A33}"
EndProject
Global
	GlobalSection(SolutionConfigurationPlatforms) = preSolution
		Debug|Any CPU = Debug|Any CPU
		Release|Any CPU = Release|Any CPU
	EndGlobalSection
	GlobalSection(ProjectConfigurationPlatforms) = postSolution
		{B6DAC72F-41E1-4060-8BCB-24E472DC9A33}.Debug|Any CPU.ActiveCfg = Debug|Any CPU
		{B6DAC72F-41E1-4060-8BCB-24E472DC9A33}.Debug|Any CPU.Build.0 = Debug|Any CPU
		{B6DAC72F-41E1-4060-8BCB-24E472DC9A33}.Release|Any CPU.ActiveCfg = Release|Any CPU
		{B6DAC72F-41E1-4060-8BCB-24E472DC9A33}.Release|Any CPU.Build.0 = Release|Any CPU
	EndGlobalSection
	GlobalSection(SolutionProperties) = preSolution
		HideSolutionNode = FALSE
	EndGlobalSection
	GlobalSection(ExtensibilityGlobals) = postSolution
		SolutionGuid = {CD7E4D85-07D3-4C4F-A0E1-8BA6CBB7EC16}
	EndGlobalSection
EndGlobal
